{
    "_readme": [
        "This file locks the dependencies of your project to a known state",
        "Read more about it at https://getcomposer.org/doc/01-basic-usage.md#installing-dependencies",
        "This file is @generated automatically"
    ],
    "content-hash": "f561a11b7642a8932fd45674291a86e3",
    "packages": [
        {
            "name": "ludovicm67/request",
            "version": "v2.1.0",
            "source": {
                "type": "git",
                "url": "https://github.com/ludovicm67/php-request.git",
                "reference": "fdcc2c2c2c7c60d0d2dbb76f3bba8d76950f8af7"
            },
            "dist": {
                "type": "zip",
                "url": "https://api.github.com/repos/ludovicm67/php-request/zipball/fdcc2c2c2c7c60d0d2dbb76f3bba8d76950f8af7",
                "reference": "fdcc2c2c2c7c60d0d2dbb76f3bba8d76950f8af7",
                "shasum": ""
            },
            "require": {
                "ext-curl": "*",
                "ludovicm67/strings": "^2"
            },
            "require-dev": {
                "phpunit/phpunit": "^12"
            },
            "type": "library",
            "autoload": {
                "psr-4": {
                    "ludovicm67\\Request\\": "src/"
                }
            },
            "notification-url": "https://packagist.org/downloads/",
            "license": [
                "MIT"
            ],
            "authors": [
                {
                    "name": "Ludovic Muller",
                    "email": "ludovicmuller1@gmail.com",
                    "homepage": "https://ludovic-muller.fr/"
                }
            ],
            "description": "Perform a request",
            "support": {
                "issues": "https://github.com/ludovicm67/php-request/issues",
                "source": "https://github.com/ludovicm67/php-request/tree/v2.1.0"
            },
            "time": "2025-05-29T11:00:31+00:00"
        },
        {
            "name": "ludovicm67/strings",
            "version": "v2.1.1",
            "source": {
                "type": "git",
                "url": "https://github.com/ludovicm67/php-strings.git",
                "reference": "3ad2d5090f3d987aa0c18508ed54697e898927be"
            },
            "dist": {
                "type": "zip",
                "url": "https://api.github.com/repos/ludovicm67/php-strings/zipball/3ad2d5090f3d987aa0c18508ed54697e898927be",
                "reference": "3ad2d5090f3d987aa0c18508ed54697e898927be",
                "shasum": ""
            },
            "require-dev": {
                "phpunit/phpunit": "^12"
            },
            "type": "library",
            "autoload": {
                "psr-4": {
                    "ludovicm67\\Strings\\": "src/"
                }
            },
            "notification-url": "https://packagist.org/downloads/",
            "license": [
                "MIT"
            ],
            "authors": [
                {
                    "name": "Ludovic Muller",
                    "email": "ludovicmuller1@gmail.com",
                    "homepage": "https://ludovic-muller.fr/"
                }
            ],
            "description": "Some useful functions for working with strings",
            "support": {
                "issues": "https://github.com/ludovicm67/php-strings/issues",
                "source": "https://github.com/ludovicm67/php-strings/tree/v2.1.1"
            },
            "time": "2025-05-29T10:44:47+00:00"
        }
    ],
    "packages-dev": [],
    "aliases": [],
    "minimum-stability": "dev",
    "stability-flags": {},
    "prefer-stable": false,
    "prefer-lowest": false,
    "platform": {},
    "platform-dev": {},
    "plugin-api-version": "2.6.0"
}
