{
    "_readme": [
        "This file locks the dependencies of your project to a known state",
        "Read more about it at https://getcomposer.org/doc/01-basic-usage.md#composer-lock-the-lock-file",
        "This file is @generated automatically"
    ],
    "content-hash": "b0eee0ea519e65ddbcd4033fb9544eaa",
    "packages": [
        {
            "name": "ludovicm67/request",
            "version": "v1.0.2",
            "source": {
                "type": "git",
                "url": "https://github.com/ludovicm67/php-request.git",
                "reference": "3347065bd141d74555745d11dd9d9e3f54a2f3ff"
            },
            "dist": {
                "type": "zip",
                "url": "https://api.github.com/repos/ludovicm67/php-request/zipball/3347065bd141d74555745d11dd9d9e3f54a2f3ff",
                "reference": "3347065bd141d74555745d11dd9d9e3f54a2f3ff",
                "shasum": ""
            },
            "require": {
                "ext-curl": "^7.0",
                "ludovicm67/strings": "^1.0",
                "php": "^7.0"
            },
            "require-dev": {
                "phpunit/phpunit": "^6.3",
                "satooshi/php-coveralls": "dev-master"
            },
            "type": "library",
            "autoload": {
                "psr-4": {
                    "ludovicm67\\Request\\": "src/"
                }
            },
            "notification-url": "https://packagist.org/downloads/",
            "license": [
                "MIT"
            ],
            "authors": [
                {
                    "name": "ludovicm67",
                    "email": "ludovicmuller1@gmail.com"
                }
            ],
            "description": "Perform a request",
            "time": "2018-08-08T12:17:42+00:00"
        },
        {
            "name": "ludovicm67/strings",
            "version": "v1.0",
            "source": {
                "type": "git",
                "url": "https://github.com/ludovicm67/php-strings.git",
                "reference": "2ef06310a6ba2b7de69a793185b670b93cbcc131"
            },
            "dist": {
                "type": "zip",
                "url": "https://api.github.com/repos/ludovicm67/php-strings/zipball/2ef06310a6ba2b7de69a793185b670b93cbcc131",
                "reference": "2ef06310a6ba2b7de69a793185b670b93cbcc131",
                "shasum": ""
            },
            "require": {
                "php": "^7.0"
            },
            "require-dev": {
                "phpunit/phpunit": "^6.3",
                "satooshi/php-coveralls": "dev-master"
            },
            "type": "library",
            "autoload": {
                "psr-4": {
                    "ludovicm67\\Strings\\": "src/"
                }
            },
            "notification-url": "https://packagist.org/downloads/",
            "license": [
                "MIT"
            ],
            "authors": [
                {
                    "name": "ludovicm67",
                    "email": "ludovicmuller1@gmail.com"
                }
            ],
            "description": "Some useful functions for working with strings",
            "time": "2017-10-02T20:16:54+00:00"
        }
    ],
    "packages-dev": [],
    "aliases": [],
    "minimum-stability": "dev",
    "stability-flags": [],
    "prefer-stable": false,
    "prefer-lowest": false,
    "platform": {
        "php": "^7.0"
    },
    "platform-dev": []
}
