{
    "_readme": [
        "This file locks the dependencies of your project to a known state",
        "Read more about it at https://getcomposer.org/doc/01-basic-usage.md#installing-dependencies",
        "This file is @generated automatically"
    ],
    "content-hash": "68fb14480ccc6046d46effce49fd8959",
    "packages": [
        {
            "name": "ludovicm67/request",
            "version": "v2.0.0",
            "source": {
                "type": "git",
                "url": "https://github.com/ludovicm67/php-request.git",
                "reference": "b993816f60931021ff94bec013c4b1669e4a7f3b"
            },
            "dist": {
                "type": "zip",
                "url": "https://api.github.com/repos/ludovicm67/php-request/zipball/b993816f60931021ff94bec013c4b1669e4a7f3b",
                "reference": "b993816f60931021ff94bec013c4b1669e4a7f3b",
                "shasum": ""
            },
            "require": {
                "ext-curl": "^7.0|^8.0",
                "ludovicm67/strings": "^2.0",
                "php": "^7.3|^8.0"
            },
            "require-dev": {
                "php-coveralls/php-coveralls": "^2.4",
                "phpunit/phpunit": "^9"
            },
            "type": "library",
            "autoload": {
                "psr-4": {
                    "ludovicm67\\Request\\": "src/"
                }
            },
            "notification-url": "https://packagist.org/downloads/",
            "license": [
                "MIT"
            ],
            "authors": [
                {
                    "name": "ludovicm67",
                    "email": "ludovicmuller1@gmail.com"
                }
            ],
            "description": "Perform a request",
            "support": {
                "issues": "https://github.com/ludovicm67/php-request/issues",
                "source": "https://github.com/ludovicm67/php-request/tree/v2.0.0"
            },
            "time": "2021-01-17T14:45:38+00:00"
        },
        {
            "name": "ludovicm67/strings",
            "version": "v2.0.0",
            "source": {
                "type": "git",
                "url": "https://github.com/ludovicm67/php-strings.git",
                "reference": "df11b99b152cbf100595df9dd0daa856c7a76769"
            },
            "dist": {
                "type": "zip",
                "url": "https://api.github.com/repos/ludovicm67/php-strings/zipball/df11b99b152cbf100595df9dd0daa856c7a76769",
                "reference": "df11b99b152cbf100595df9dd0daa856c7a76769",
                "shasum": ""
            },
            "require": {
                "php": "^7.3|^8.0"
            },
            "require-dev": {
                "php-coveralls/php-coveralls": "^2.4",
                "phpunit/phpunit": "^9"
            },
            "type": "library",
            "autoload": {
                "psr-4": {
                    "ludovicm67\\Strings\\": "src/"
                }
            },
            "notification-url": "https://packagist.org/downloads/",
            "license": [
                "MIT"
            ],
            "authors": [
                {
                    "name": "ludovicm67",
                    "email": "ludovicmuller1@gmail.com"
                }
            ],
            "description": "Some useful functions for working with strings",
            "support": {
                "issues": "https://github.com/ludovicm67/php-strings/issues",
                "source": "https://github.com/ludovicm67/php-strings/tree/v2.0.0"
            },
            "time": "2021-01-17T13:58:10+00:00"
        }
    ],
    "packages-dev": [],
    "aliases": [],
    "minimum-stability": "dev",
    "stability-flags": [],
    "prefer-stable": false,
    "prefer-lowest": false,
    "platform": [],
    "platform-dev": [],
    "plugin-api-version": "2.6.0"
}
